
Microsoft Visual Studio Solution File, Format Version 12.00
# Visual Studio Version 17
VisualStudioVersion = 17.9.34607.119
MinimumVisualStudioVersion = 10.0.40219.1
Project("{9A19103F-16F7-4668-BE54-9A1E7A4F7556}") = "LösenRenskriv", "LösenRenskriv.csproj", "{C5561EA6-C132-4F39-8C04-2F1B27BA71D3}"
EndProject
Project("{FAE04EC0-301F-11D3-BF4B-00C04F79EFBC}") = "TestProject1", "..\TestProject1\TestProject1.csproj", "{FEE75279-1545-4710-89E6-6A975A63F6BA}"
EndProject
Global
	GlobalSection(SolutionConfigurationPlatforms) = preSolution
		Debug|Any CPU = Debug|Any CPU
		Release|Any CPU = Release|Any CPU
	EndGlobalSection
	GlobalSection(ProjectConfigurationPlatforms) = postSolution
		{C5561EA6-C132-4F39-8C04-2F1B27BA71D3}.Debug|Any CPU.ActiveCfg = Debug|Any CPU
		{C5561EA6-C132-4F39-8C04-2F1B27BA71D3}.Debug|Any CPU.Build.0 = Debug|Any CPU
		{C5561EA6-C132-4F39-8C04-2F1B27BA71D3}.Release|Any CPU.ActiveCfg = Release|Any CPU
		{C5561EA6-C132-4F39-8C04-2F1B27BA71D3}.Release|Any CPU.Build.0 = Release|Any CPU
		{FEE75279-1545-4710-89E6-6A975A63F6BA}.Debug|Any CPU.ActiveCfg = Debug|Any CPU
		{FEE75279-1545-4710-89E6-6A975A63F6BA}.Debug|Any CPU.Build.0 = Debug|Any CPU
		{FEE75279-1545-4710-89E6-6A975A63F6BA}.Release|Any CPU.ActiveCfg = Release|Any CPU
		{FEE75279-1545-4710-89E6-6A975A63F6BA}.Release|Any CPU.Build.0 = Release|Any CPU
	EndGlobalSection
	GlobalSection(SolutionProperties) = preSolution
		HideSolutionNode = FALSE
	EndGlobalSection
	GlobalSection(ExtensibilityGlobals) = postSolution
		SolutionGuid = {B097C84C-7D6C-49CE-A1CF-3E5368F83018}
	EndGlobalSection
EndGlobal
